{
  "lockfileVersion": 1,
  "configVersion": 1,
  "workspaces": {
    "": {
      "name": "@yousufaltayeb/openwhisper-client",
      "dependencies": {
        "@opentui/core": "0.5.4",
      },
      "devDependencies": {
        "@types/bun": "1.3.14",
        "bun-types": "1.3.14",
        "typescript": "5.9.2",
      },
    },
  },
  "packages": {
    "@opentui/core": ["@opentui/core@0.5.4", "", { "dependencies": { "bun-ffi-structs": "0.3.1", "diff": "9.0.0", "marked": "17.0.1", "string-width": "7.2.0", "strip-ansi": "7.1.2" }, "optionalDependencies": { "@opentui/core-darwin-arm64": "0.5.4", "@opentui/core-darwin-x64": "0.5.4", "@opentui/core-linux-arm64": "0.5.4", "@opentui/core-linux-arm64-musl": "0.5.4", "@opentui/core-linux-x64": "0.5.4", "@opentui/core-linux-x64-musl": "0.5.4", "@opentui/core-win32-arm64": "0.5.4", "@opentui/core-win32-x64": "0.5.4" }, "peerDependencies": { "web-tree-sitter": "0.25.10" } }, "sha512-czcJKQ72QhTWvu1eWfKg4EPN1GLLND6cP9MOhDyqYzCdIZgxQSJVWYzz6c4/CQGOu/qQLRyce2y1efVu4lgQ0w=="],

    "@opentui/core-darwin-arm64": ["@opentui/core-darwin-arm64@0.5.4", "", { "os": "darwin", "cpu": "arm64" }, "sha512-oETbn6tg/0g+mOvGXy3iot+1Zv7CGr65U1lRaPJ7kpsKGnOxftCpDD1qA0I6eQwfPJa9k7h9D/9yGB3IbweGcg=="],

    "@opentui/core-darwin-x64": ["@opentui/core-darwin-x64@0.5.4", "", { "os": "darwin", "cpu": "x64" }, "sha512-TIeqCNfAV8xvNAv6oVBYsoGBz/p8CxcYm668OQIeBPUO+irqbQ72vJJa/SwFZrUEAHFmsDELaB6y80oHU5Jm6g=="],

    "@opentui/core-linux-arm64": ["@opentui/core-linux-arm64@0.5.4", "", { "os": "linux", "cpu": "arm64" }, "sha512-UrOsX3D5BOO9TI30WvRwEK/lyPPhY75+LwSqeRRe8SV2ON+Ez5QqY4oryTyYC6+yNahTJufz34n0YgwnQaxTNA=="],

    "@opentui/core-linux-arm64-musl": ["@opentui/core-linux-arm64-musl@0.5.4", "", { "os": "linux", "cpu": "arm64" }, "sha512-8vFWd1dsPZj9fHQKlsGHue3ukp7MRjTSpmIrdneIruOcoK2etccHfd6bqIo4FcNr+HA0eI2FP4ZIL9xhE3r9/w=="],

    "@opentui/core-linux-x64": ["@opentui/core-linux-x64@0.5.4", "", { "os": "linux", "cpu": "x64" }, "sha512-1RXzSl6d347O7mUXviXFWlFFyILr7qsVt4jwD3k0UiKtENeEDNi+glM1bKHbXwCdQjfA835QgFA2mbILybK+aQ=="],

    "@opentui/core-linux-x64-musl": ["@opentui/core-linux-x64-musl@0.5.4", "", { "os": "linux", "cpu": "x64" }, "sha512-YYREqUB3v5K0qWij3A5YWzJkkVXp/EqIiuHZKsAjrUAY/0+Bp8Hn0baLvvvkuklpG9whW+GfwIeUsmp4fxqmCA=="],

    "@opentui/core-win32-arm64": ["@opentui/core-win32-arm64@0.5.4", "", { "os": "win32", "cpu": "arm64" }, "sha512-F9sB6suPJmwkLF2MwKEC+OtwP6cn5QspIm4MCh2hmu3mVqSz9GDpYID1X3sAh9/V79EVocqiOSqI3KeCTRouKQ=="],

    "@opentui/core-win32-x64": ["@opentui/core-win32-x64@0.5.4", "", { "os": "win32", "cpu": "x64" }, "sha512-2/6dPPPJ9xL/bWz9jh+lZeV2g/tbxZ9N4FBIqwhnqSfIYy5jOnscsPZpcN4X6PstfJAo2yf0Ebk/tLTOzOS6TQ=="],

    "@types/bun": ["@types/bun@1.3.14", "", { "dependencies": { "bun-types": "1.3.14" } }, "sha512-h1hFqFVcvAvD9j9K7ZW7vd82aSA+rTdznZa+5bwvCwqSB1jmmfLcbIWhOLx1/+boy/xmjgCs/OMUL8hRJSmnPw=="],

    "@types/node": ["@types/node@26.2.0", "", { "dependencies": { "undici-types": "~8.3.0" } }, "sha512-5IviulTZeRNp2vAJ514cc/HUlY5nZ9fCbq9DMyC52BrhFZACo3nI0R7qBxhQmo/d27NFe96ur/b7Wwxklda+kg=="],

    "ansi-regex": ["ansi-regex@6.3.0", "", {}, "sha512-WpDfL7NO6j7tH88IDBNVdUJxDh9nmCteAVW9dsep846XdwF4naCBK+/tGLX3KJgcpgMRXCFlTM2hKGoK9FsdrQ=="],

    "bun-ffi-structs": ["bun-ffi-structs@0.3.1", "", { "peerDependencies": { "typescript": "^5" } }, "sha512-3gM7PpVWLyrwxWjcilSiGuhWanhZivvo6l0u573NziPH6f/gwk6McbaYgn7oJWov6pKGRTDbrg94W5DcJsKTtQ=="],

    "bun-types": ["bun-types@1.3.14", "", { "dependencies": { "@types/node": "*" } }, "sha512-4N0ig0fEomHt5R0KCFWjovxow98rIoRwKolrYdCcknNwMekCXRnWEUvgu5soYV8QXtVsrUD8B95MBOZGPvr6KQ=="],

    "diff": ["diff@9.0.0", "", {}, "sha512-svtcdpS8CgJyqAjEQIXdb3OjhFVVYjzGAPO8WGCmRbrml64SPw/jJD4GoE98aR7r25A0XcgrK3F02yw9R/vhQw=="],

    "emoji-regex": ["emoji-regex@10.6.0", "", {}, "sha512-toUI84YS5YmxW219erniWD0CIVOo46xGKColeNQRgOzDorgBi1v4D71/OFzgD9GO2UGKIv1C3Sp8DAn0+j5w7A=="],

    "get-east-asian-width": ["get-east-asian-width@1.6.0", "", {}, "sha512-QRbvDIbx6YklUe6RxeTeleMR0yv3cYH6PsPZHcnVn7xv7zO1BHN8r0XETu8n6Ye3Q+ahtSarc3WgtNWmehIBfA=="],

    "marked": ["marked@17.0.1", "", { "bin": { "marked": "bin/marked.js" } }, "sha512-boeBdiS0ghpWcSwoNm/jJBwdpFaMnZWRzjA6SkUMYb40SVaN1x7mmfGKp0jvexGcx+7y2La5zRZsYFZI6Qpypg=="],

    "string-width": ["string-width@7.2.0", "", { "dependencies": { "emoji-regex": "^10.3.0", "get-east-asian-width": "^1.0.0", "strip-ansi": "^7.1.0" } }, "sha512-tsaTIkKW9b4N+AEj+SVA+WhJzV7/zMhcSu78mLKWSk7cXMOSHsBKFWUs0fWwq8QyK3MgJBQRX6Gbi4kYbdvGkQ=="],

    "strip-ansi": ["strip-ansi@7.1.2", "", { "dependencies": { "ansi-regex": "^6.0.1" } }, "sha512-gmBGslpoQJtgnMAvOVqGZpEz9dyoKTCzy2nfz/n8aIFhN/jCE/rCmcxabB6jOOHV+0WNnylOxaxBQPSvcWklhA=="],

    "typescript": ["typescript@5.9.2", "", { "bin": { "tsc": "bin/tsc", "tsserver": "bin/tsserver" } }, "sha512-CWBzXQrc/qOkhidw1OzBTQuYRbfyxDXJMVJ1XNwUHGROVmuaeiEm3OslpZ1RV96d7SKKjZKrSJu3+t/xlw3R9A=="],

    "undici-types": ["undici-types@8.3.0", "", {}, "sha512-j375ScV60dom+YkPFIfTLcOiPxkN/buHz5GobjLhixFuANaNs3C9l4GmrWqejgXWJ7BbJcFYpTEUkS1Ge8bpZQ=="],

    "web-tree-sitter": ["web-tree-sitter@0.25.10", "", { "peerDependencies": { "@types/emscripten": "^1.40.0" }, "optionalPeers": ["@types/emscripten"] }, "sha512-Y09sF44/13XvgVKgO2cNDw5rGk6s26MgoZPXLESvMXeefBf7i6/73eFurre0IsTW6E14Y0ArIzhUMmjoc7xyzA=="],
  }
}
